// !$*UTF8*$!
{
	archiveVersion = 1;
	classes = {
	};
	objectVersion = 46;
	objects = {

/* Begin PBXBuildFile section */
		9833D18818AB03FE00173FB9 /* Foundation.framework in Frameworks */ = {isa = PBXBuildFile; fileRef = 9833D18718AB03FE00173FB9 /* Foundation.framework */; };
		9833D18A18AB03FE00173FB9 /* CoreGraphics.framework in Frameworks */ = {isa = PBXBuildFile; fileRef = 9833D18918AB03FE00173FB9 /* CoreGraphics.framework */; };
		9833D18C18AB03FE00173FB9 /* UIKit.framework in Frameworks */ = {isa = PBXBuildFile; fileRef = 9833D18B18AB03FE00173FB9 /* UIKit.framework */; };
		9833D19218AB03FE00173FB9 /* InfoPlist.strings in Resources */ = {isa = PBXBuildFile; fileRef = 9833D19018AB03FE00173FB9 /* InfoPlist.strings */; };
		9833D19418AB03FE00173FB9 /* main.m in Sources */ = {isa = PBXBuildFile; fileRef = 9833D19318AB03FE00173FB9 /* main.m */; };
		9833D19818AB03FE00173FB9 /* AppDelegate.m in Sources */ = {isa = PBXBuildFile; fileRef = 9833D19718AB03FE00173FB9 /* AppDelegate.m */; };
		9833D19B18AB03FE00173FB9 /* Main.storyboard in Resources */ = {isa = PBXBuildFile; fileRef = 9833D19918AB03FE00173FB9 /* Main.storyboard */; };
		9833D19E18AB03FE00173FB9 /* ViewController.m in Sources */ = {isa = PBXBuildFile; fileRef = 9833D19D18AB03FE00173FB9 /* ViewController.m */; };
		9833D1A018AB03FE00173FB9 /* Images.xcassets in Resources */ = {isa = PBXBuildFile; fileRef = 9833D19F18AB03FE00173FB9 /* Images.xcassets */; };
		9833D1A718AB03FE00173FB9 /* XCTest.framework in Frameworks */ = {isa = PBXBuildFile; fileRef = 9833D1A618AB03FE00173FB9 /* XCTest.framework */; };
		9833D1A818AB03FE00173FB9 /* Foundation.framework in Frameworks */ = {isa = PBXBuildFile; fileRef = 9833D18718AB03FE00173FB9 /* Foundation.framework */; };
		9833D1A918AB03FE00173FB9 /* UIKit.framework in Frameworks */ = {isa = PBXBuildFile; fileRef = 9833D18B18AB03FE00173FB9 /* UIKit.framework */; };
		9833D1B118AB03FE00173FB9 /* InfoPlist.strings in Resources */ = {isa = PBXBuildFile; fileRef = 9833D1AF18AB03FE00173FB9 /* InfoPlist.strings */; };
		9833D1B318AB03FF00173FB9 /* macdevTests.m in Sources */ = {isa = PBXBuildFile; fileRef = 9833D1B218AB03FF00173FB9 /* macdevTests.m */; };
/* End PBXBuildFile section */

/* Begin PBXContainerItemProxy section */
		9833D1AA18AB03FE00173FB9 /* PBXContainerItemProxy */ = {
			isa = PBXContainerItemProxy;
			containerPortal = 9833D17C18AB03FE00173FB9 /* Project object */;
			proxyType = 1;
			remoteGlobalIDString = 9833D18318AB03FE00173FB9;
			remoteInfo = macdev;
		};
/* End PBXContainerItemProxy section */

/* Begin PBXFileReference section */
		9833D18418AB03FE00173FB9 /* macdev.app */ = {isa = PBXFileReference; explicitFileType = wrapper.application; includeInIndex = 0; path = macdev.app; sourceTree = BUILT_PRODUCTS_DIR; };
		9833D18718AB03FE00173FB9 /* Foundation.framework */ = {isa = PBXFileReference; lastKnownFileType = wrapper.framework; name = Foundation.framework; path = System/Library/Frameworks/Foundation.framework; sourceTree = SDKROOT; };
		9833D18918AB03FE00173FB9 /* CoreGraphics.framework */ = {isa = PBXFileReference; lastKnownFileType = wrapper.framework; name = CoreGraphics.framework; path = System/Library/Frameworks/CoreGraphics.framework; sourceTree = SDKROOT; };
		9833D18B18AB03FE00173FB9 /* UIKit.framework */ = {isa = PBXFileReference; lastKnownFileType = wrapper.framework; name = UIKit.framework; path = System/Library/Frameworks/UIKit.framework; sourceTree = SDKROOT; };
		9833D18F18AB03FE00173FB9 /* macdev-Info.plist */ = {isa = PBXFileReference; lastKnownFileType = text.plist.xml; path = "macdev-Info.plist"; sourceTree = "<group>"; };
		9833D19118AB03FE00173FB9 /* en */ = {isa = PBXFileReference; lastKnownFileType = text.plist.strings; name = en; path = en.lproj/InfoPlist.strings; sourceTree = "<group>"; };
		9833D19318AB03FE00173FB9 /* main.m */ = {isa = PBXFileReference; lastKnownFileType = sourcecode.c.objc; path = main.m; sourceTree = "<group>"; };
		9833D19518AB03FE00173FB9 /* macdev-Prefix.pch */ = {isa = PBXFileReference; lastKnownFileType = sourcecode.c.h; path = "macdev-Prefix.pch"; sourceTree = "<group>"; };
		9833D19618AB03FE00173FB9 /* AppDelegate.h */ = {isa = PBXFileReference; lastKnownFileType = sourcecode.c.h; path = AppDelegate.h; sourceTree = "<group>"; };
		9833D19718AB03FE00173FB9 /* AppDelegate.m */ = {isa = PBXFileReference; lastKnownFileType = sourcecode.c.objc; path = AppDelegate.m; sourceTree = "<group>"; };
		9833D19A18AB03FE00173FB9 /* Base */ = {isa = PBXFileReference; lastKnownFileType = file.storyboard; name = Base; path = Base.lproj/Main.storyboard; sourceTree = "<group>"; };
		9833D19C18AB03FE00173FB9 /* ViewController.h */ = {isa = PBXFileReference; lastKnownFileType = sourcecode.c.h; path = ViewController.h; sourceTree = "<group>"; };
		9833D19D18AB03FE00173FB9 /* ViewController.m */ = {isa = PBXFileReference; lastKnownFileType = sourcecode.c.objc; path = ViewController.m; sourceTree = "<group>"; };
		9833D19F18AB03FE00173FB9 /* Images.xcassets */ = {isa = PBXFileReference; lastKnownFileType = folder.assetcatalog; path = Images.xcassets; sourceTree = "<group>"; };
		9833D1A518AB03FE00173FB9 /* macdevTests.xctest */ = {isa = PBXFileReference; explicitFileType = wrapper.cfbundle; includeInIndex = 0; path = macdevTests.xctest; sourceTree = BUILT_PRODUCTS_DIR; };
		9833D1A618AB03FE00173FB9 /* XCTest.framework */ = {isa = PBXFileReference; lastKnownFileType = wrapper.framework; name = XCTest.framework; path = Library/Frameworks/XCTest.framework; sourceTree = DEVELOPER_DIR; };
		9833D1AE18AB03FE00173FB9 /* macdevTests-Info.plist */ = {isa = PBXFileReference; lastKnownFileType = text.plist.xml; path = "macdevTests-Info.plist"; sourceTree = "<group>"; };
		9833D1B018AB03FE00173FB9 /* en */ = {isa = PBXFileReference; lastKnownFileType = text.plist.strings; name = en; path = en.lproj/InfoPlist.strings; sourceTree = "<group>"; };
		9833D1B218AB03FF00173FB9 /* macdevTests.m */ = {isa = PBXFileReference; lastKnownFileType = sourcecode.c.objc; path = macdevTests.m; sourceTree = "<group>"; };
/* End PBXFileReference section */

/* Begin PBXFrameworksBuildPhase section */
		9833D18118AB03FE00173FB9 /* Frameworks */ = {
			isa = PBXFrameworksBuildPhase;
			buildActionMask = 2147483647;
			files = (
				9833D18A18AB03FE00173FB9 /* CoreGraphics.framework in Frameworks */,
				9833D18C18AB03FE00173FB9 /* UIKit.framework in Frameworks */,
				9833D18818AB03FE00173FB9 /* Foundation.framework in Frameworks */,
			);
			runOnlyForDeploymentPostprocessing = 0;
		};
		9833D1A218AB03FE00173FB9 /* Frameworks */ = {
			isa = PBXFrameworksBuildPhase;
			buildActionMask = 2147483647;
			files = (
				9833D1A718AB03FE00173FB9 /* XCTest.framework in Frameworks */,
				9833D1A918AB03FE00173FB9 /* UIKit.framework in Frameworks */,
				9833D1A818AB03FE00173FB9 /* Foundation.framework in Frameworks */,
			);
			runOnlyForDeploymentPostprocessing = 0;
		};
/* End PBXFrameworksBuildPhase section */

/* Begin PBXGroup section */
		9833D17B18AB03FE00173FB9 = {
			isa = PBXGroup;
			children = (
				9833D18D18AB03FE00173FB9 /* macdev */,
				9833D1AC18AB03FE00173FB9 /* macdevTests */,
				9833D18618AB03FE00173FB9 /* Frameworks */,
				9833D18518AB03FE00173FB9 /* Products */,
			);
			sourceTree = "<group>";
		};
		9833D18518AB03FE00173FB9 /* Products */ = {
			isa = PBXGroup;
			children = (
				9833D18418AB03FE00173FB9 /* macdev.app */,
				9833D1A518AB03FE00173FB9 /* macdevTests.xctest */,
			);
			name = Products;
			sourceTree = "<group>";
		};
		9833D18618AB03FE00173FB9 /* Frameworks */ = {
			isa = PBXGroup;
			children = (
				9833D18718AB03FE00173FB9 /* Foundation.framework */,
				9833D18918AB03FE00173FB9 /* CoreGraphics.framework */,
				9833D18B18AB03FE00173FB9 /* UIKit.framework */,
				9833D1A618AB03FE00173FB9 /* XCTest.framework */,
			);
			name = Frameworks;
			sourceTree = "<group>";
		};
		9833D18D18AB03FE00173FB9 /* macdev */ = {
			isa = PBXGroup;
			children = (
				9833D19618AB03FE00173FB9 /* AppDelegate.h */,
				9833D19718AB03FE00173FB9 /* AppDelegate.m */,
				9833D19918AB03FE00173FB9 /* Main.storyboard */,
				9833D19C18AB03FE00173FB9 /* ViewController.h */,
				9833D19D18AB03FE00173FB9 /* ViewController.m */,
				9833D19F18AB03FE00173FB9 /* Images.xcassets */,
				9833D18E18AB03FE00173FB9 /* Supporting Files */,
			);
			path = macdev;
			sourceTree = "<group>";
		};
		9833D18E18AB03FE00173FB9 /* Supporting Files */ = {
			isa = PBXGroup;
			children = (
				9833D18F18AB03FE00173FB9 /* macdev-Info.plist */,
				9833D19018AB03FE00173FB9 /* InfoPlist.strings */,
				9833D19318AB03FE00173FB9 /* main.m */,
				9833D19518AB03FE00173FB9 /* macdev-Prefix.pch */,
			);
			name = "Supporting Files";
			sourceTree = "<group>";
		};
		9833D1AC18AB03FE00173FB9 /* macdevTests */ = {
			isa = PBXGroup;
			children = (
				9833D1B218AB03FF00173FB9 /* macdevTests.m */,
				9833D1AD18AB03FE00173FB9 /* Supporting Files */,
			);
			path = macdevTests;
			sourceTree = "<group>";
		};
		9833D1AD18AB03FE00173FB9 /* Supporting Files */ = {
			isa = PBXGroup;
			children = (
				9833D1AE18AB03FE00173FB9 /* macdevTests-Info.plist */,
				9833D1AF18AB03FE00173FB9 /* InfoPlist.strings */,
			);
			name = "Supporting Files";
			sourceTree = "<group>";
		};
/* End PBXGroup section */

/* Begin PBXNativeTarget section */
		9833D18318AB03FE00173FB9 /* macdev */ = {
			isa = PBXNativeTarget;
			buildConfigurationList = 9833D1B618AB03FF00173FB9 /* Build configuration list for PBXNativeTarget "macdev" */;
			buildPhases = (
				9833D18018AB03FE00173FB9 /* Sources */,
				9833D18118AB03FE00173FB9 /* Frameworks */,
				9833D18218AB03FE00173FB9 /* Resources */,
			);
			buildRules = (
			);
			dependencies = (
			);
			name = macdev;
			productName = macdev;
			productReference = 9833D18418AB03FE00173FB9 /* macdev.app */;
			productType = "com.apple.product-type.application";
		};
		9833D1A418AB03FE00173FB9 /* macdevTests */ = {
			isa = PBXNativeTarget;
			buildConfigurationList = 9833D1B918AB03FF00173FB9 /* Build configuration list for PBXNativeTarget "macdevTests" */;
			buildPhases = (
				9833D1A118AB03FE00173FB9 /* Sources */,
				9833D1A218AB03FE00173FB9 /* Frameworks */,
				9833D1A318AB03FE00173FB9 /* Resources */,
			);
			buildRules = (
			);
			dependencies = (
				9833D1AB18AB03FE00173FB9 /* PBXTargetDependency */,
			);
			name = macdevTests;
			productName = macdevTests;
			productReference = 9833D1A518AB03FE00173FB9 /* macdevTests.xctest */;
			productType = "com.apple.product-type.bundle.unit-test";
		};
/* End PBXNativeTarget section */

/* Begin PBXProject section */
		9833D17C18AB03FE00173FB9 /* Project object */ = {
			isa = PBXProject;
			attributes = {
				LastUpgradeCheck = 0500;
				ORGANIZATIONNAME = "Lin Cheng Kai";
				TargetAttributes = {
					9833D1A418AB03FE00173FB9 = {
						TestTargetID = 9833D18318AB03FE00173FB9;
					};
				};
			};
			buildConfigurationList = 9833D17F18AB03FE00173FB9 /* Build configuration list for PBXProject "macdev" */;
			compatibilityVersion = "Xcode 3.2";
			developmentRegion = English;
			hasScannedForEncodings = 0;
			knownRegions = (
				en,
				Base,
			);
			mainGroup = 9833D17B18AB03FE00173FB9;
			productRefGroup = 9833D18518AB03FE00173FB9 /* Products */;
			projectDirPath = "";
			projectRoot = "";
			targets = (
				9833D18318AB03FE00173FB9 /* macdev */,
				9833D1A418AB03FE00173FB9 /* macdevTests */,
			);
		};
/* End PBXProject section */

/* Begin PBXResourcesBuildPhase section */
		9833D18218AB03FE00173FB9 /* Resources */ = {
			isa = PBXResourcesBuildPhase;
			buildActionMask = 2147483647;
			files = (
				9833D1A018AB03FE00173FB9 /* Images.xcassets in Resources */,
				9833D19218AB03FE00173FB9 /* InfoPlist.strings in Resources */,
				9833D19B18AB03FE00173FB9 /* Main.storyboard in Resources */,
			);
			runOnlyForDeploymentPostprocessing = 0;
		};
		9833D1A318AB03FE00173FB9 /* Resources */ = {
			isa = PBXResourcesBuildPhase;
			buildActionMask = 2147483647;
			files = (
				9833D1B118AB03FE00173FB9 /* InfoPlist.strings in Resources */,
			);
			runOnlyForDeploymentPostprocessing = 0;
		};
/* End PBXResourcesBuildPhase section */

/* Begin PBXSourcesBuildPhase section */
		9833D18018AB03FE00173FB9 /* Sources */ = {
			isa = PBXSourcesBuildPhase;
			buildActionMask = 2147483647;
			files = (
				9833D19E18AB03FE00173FB9 /* ViewController.m in Sources */,
				9833D19818AB03FE00173FB9 /* AppDelegate.m in Sources */,
				9833D19418AB03FE00173FB9 /* main.m in Sources */,
			);
			runOnlyForDeploymentPostprocessing = 0;
		};
		9833D1A118AB03FE00173FB9 /* Sources */ = {
			isa = PBXSourcesBuildPhase;
			buildActionMask = 2147483647;
			files = (
				9833D1B318AB03FF00173FB9 /* macdevTests.m in Sources */,
			);
			runOnlyForDeploymentPostprocessing = 0;
		};
/* End PBXSourcesBuildPhase section */

/* Begin PBXTargetDependency section */
		9833D1AB18AB03FE00173FB9 /* PBXTargetDependency */ = {
			isa = PBXTargetDependency;
			target = 9833D18318AB03FE00173FB9 /* macdev */;
			targetProxy = 9833D1AA18AB03FE00173FB9 /* PBXContainerItemProxy */;
		};
/* End PBXTargetDependency section */

/* Begin PBXVariantGroup section */
		9833D19018AB03FE00173FB9 /* InfoPlist.strings */ = {
			isa = PBXVariantGroup;
			children = (
				9833D19118AB03FE00173FB9 /* en */,
			);
			name = InfoPlist.strings;
			sourceTree = "<group>";
		};
		9833D19918AB03FE00173FB9 /* Main.storyboard */ = {
			isa = PBXVariantGroup;
			children = (
				9833D19A18AB03FE00173FB9 /* Base */,
			);
			name = Main.storyboard;
			sourceTree = "<group>";
		};
		9833D1AF18AB03FE00173FB9 /* InfoPlist.strings */ = {
			isa = PBXVariantGroup;
			children = (
				9833D1B018AB03FE00173FB9 /* en */,
			);
			name = InfoPlist.strings;
			sourceTree = "<group>";
		};
/* End PBXVariantGroup section */

/* Begin XCBuildConfiguration section */
		9833D1B418AB03FF00173FB9 /* Debug */ = {
			isa = XCBuildConfiguration;
			buildSettings = {
				ALWAYS_SEARCH_USER_PATHS = NO;
				ARCHS = "$(ARCHS_STANDARD_INCLUDING_64_BIT)";
				CLANG_CXX_LANGUAGE_STANDARD = "gnu++0x";
				CLANG_CXX_LIBRARY = "libc++";
				CLANG_ENABLE_MODULES = YES;
				CLANG_ENABLE_OBJC_ARC = YES;
				CLANG_WARN_BOOL_CONVERSION = YES;
				CLANG_WARN_CONSTANT_CONVERSION = YES;
				CLANG_WARN_DIRECT_OBJC_ISA_USAGE = YES_ERROR;
				CLANG_WARN_EMPTY_BODY = YES;
				CLANG_WARN_ENUM_CONVERSION = YES;
				CLANG_WARN_INT_CONVERSION = YES;
				CLANG_WARN_OBJC_ROOT_CLASS = YES_ERROR;
				CLANG_WARN__DUPLICATE_METHOD_MATCH = YES;
				"CODE_SIGN_IDENTITY[sdk=iphoneos*]" = "iPhone Developer";
				COPY_PHASE_STRIP = NO;
				GCC_C_LANGUAGE_STANDARD = gnu99;
				GCC_DYNAMIC_NO_PIC = NO;
				GCC_OPTIMIZATION_LEVEL = 0;
				GCC_PREPROCESSOR_DEFINITIONS = (
					"DEBUG=1",
					"$(inherited)",
				);
				GCC_SYMBOLS_PRIVATE_EXTERN = NO;
				GCC_WARN_64_TO_32_BIT_CONVERSION = YES;
				GCC_WARN_ABOUT_RETURN_TYPE = YES_ERROR;
				GCC_WARN_UNDECLARED_SELECTOR = YES;
				GCC_WARN_UNINITIALIZED_AUTOS = YES;
				GCC_WARN_UNUSED_FUNCTION = YES;
				GCC_WARN_UNUSED_VARIABLE = YES;
				IPHONEOS_DEPLOYMENT_TARGET = 7.0;
				ONLY_ACTIVE_ARCH = YES;
				SDKROOT = iphoneos;
			};
			name = Debug;
		};
		9833D1B518AB03FF00173FB9 /* Release */ = {
			isa = XCBuildConfiguration;
			buildSettings = {
				ALWAYS_SEARCH_USER_PATHS = NO;
				ARCHS = "$(ARCHS_STANDARD_INCLUDING_64_BIT)";
				CLANG_CXX_LANGUAGE_STANDARD = "gnu++0x";
				CLANG_CXX_LIBRARY = "libc++";
				CLANG_ENABLE_MODULES = YES;
				CLANG_ENABLE_OBJC_ARC = YES;
				CLANG_WARN_BOOL_CONVERSION = YES;
				CLANG_WARN_CONSTANT_CONVERSION = YES;
				CLANG_WARN_DIRECT_OBJC_ISA_USAGE = YES_ERROR;
				CLANG_WARN_EMPTY_BODY = YES;
				CLANG_WARN_ENUM_CONVERSION = YES;
				CLANG_WARN_INT_CONVERSION = YES;
				CLANG_WARN_OBJC_ROOT_CLASS = YES_ERROR;
				CLANG_WARN__DUPLICATE_METHOD_MATCH = YES;
				"CODE_SIGN_IDENTITY[sdk=iphoneos*]" = "iPhone Developer";
				COPY_PHASE_STRIP = YES;
				ENABLE_NS_ASSERTIONS = NO;
				GCC_C_LANGUAGE_STANDARD = gnu99;
				GCC_WARN_64_TO_32_BIT_CONVERSION = YES;
				GCC_WARN_ABOUT_RETURN_TYPE = YES_ERROR;
				GCC_WARN_UNDECLARED_SELECTOR = YES;
				GCC_WARN_UNINITIALIZED_AUTOS = YES;
				GCC_WARN_UNUSED_FUNCTION = YES;
				GCC_WARN_UNUSED_VARIABLE = YES;
				IPHONEOS_DEPLOYMENT_TARGET = 7.0;
				SDKROOT = iphoneos;
				VALIDATE_PRODUCT = YES;
			};
			name = Release;
		};
		9833D1B718AB03FF00173FB9 /* Debug */ = {
			isa = XCBuildConfiguration;
			buildSettings = {
				ASSETCATALOG_COMPILER_APPICON_NAME = AppIcon;
				ASSETCATALOG_COMPILER_LAUNCHIMAGE_NAME = LaunchImage;
				GCC_PRECOMPILE_PREFIX_HEADER = YES;
				GCC_PREFIX_HEADER = "macdev/macdev-Prefix.pch";
				INFOPLIST_FILE = "macdev/macdev-Info.plist";
				PRODUCT_NAME = "$(TARGET_NAME)";
				WRAPPER_EXTENSION = app;
			};
			name = Debug;
		};
		9833D1B818AB03FF00173FB9 /* Release */ = {
			isa = XCBuildConfiguration;
			buildSettings = {
				ASSETCATALOG_COMPILER_APPICON_NAME = AppIcon;
				ASSETCATALOG_COMPILER_LAUNCHIMAGE_NAME = LaunchImage;
				GCC_PRECOMPILE_PREFIX_HEADER = YES;
				GCC_PREFIX_HEADER = "macdev/macdev-Prefix.pch";
				INFOPLIST_FILE = "macdev/macdev-Info.plist";
				PRODUCT_NAME = "$(TARGET_NAME)";
				WRAPPER_EXTENSION = app;
			};
			name = Release;
		};
		9833D1BA18AB03FF00173FB9 /* Debug */ = {
			isa = XCBuildConfiguration;
			buildSettings = {
				ARCHS = "$(ARCHS_STANDARD_INCLUDING_64_BIT)";
				BUNDLE_LOADER = "$(BUILT_PRODUCTS_DIR)/macdev.app/macdev";
				FRAMEWORK_SEARCH_PATHS = (
					"$(SDKROOT)/Developer/Library/Frameworks",
					"$(inherited)",
					"$(DEVELOPER_FRAMEWORKS_DIR)",
				);
				GCC_PRECOMPILE_PREFIX_HEADER = YES;
				GCC_PREFIX_HEADER = "macdev/macdev-Prefix.pch";
				GCC_PREPROCESSOR_DEFINITIONS = (
					"DEBUG=1",
					"$(inherited)",
				);
				INFOPLIST_FILE = "macdevTests/macdevTests-Info.plist";
				PRODUCT_NAME = "$(TARGET_NAME)";
				TEST_HOST = "$(BUNDLE_LOADER)";
				WRAPPER_EXTENSION = xctest;
			};
			name = Debug;
		};
		9833D1BB18AB03FF00173FB9 /* Release */ = {
			isa = XCBuildConfiguration;
			buildSettings = {
				ARCHS = "$(ARCHS_STANDARD_INCLUDING_64_BIT)";
				BUNDLE_LOADER = "$(BUILT_PRODUCTS_DIR)/macdev.app/macdev";
				FRAMEWORK_SEARCH_PATHS = (
					"$(SDKROOT)/Developer/Library/Frameworks",
					"$(inherited)",
					"$(DEVELOPER_FRAMEWORKS_DIR)",
				);
				GCC_PRECOMPILE_PREFIX_HEADER = YES;
				GCC_PREFIX_HEADER = "macdev/macdev-Prefix.pch";
				INFOPLIST_FILE = "macdevTests/macdevTests-Info.plist";
				PRODUCT_NAME = "$(TARGET_NAME)";
				TEST_HOST = "$(BUNDLE_LOADER)";
				WRAPPER_EXTENSION = xctest;
			};
			name = Release;
		};
/* End XCBuildConfiguration section */

/* Begin XCConfigurationList section */
		9833D17F18AB03FE00173FB9 /* Build configuration list for PBXProject "macdev" */ = {
			isa = XCConfigurationList;
			buildConfigurations = (
				9833D1B418AB03FF00173FB9 /* Debug */,
				9833D1B518AB03FF00173FB9 /* Release */,
			);
			defaultConfigurationIsVisible = 0;
			defaultConfigurationName = Release;
		};
		9833D1B618AB03FF00173FB9 /* Build configuration list for PBXNativeTarget "macdev" */ = {
			isa = XCConfigurationList;
			buildConfigurations = (
				9833D1B718AB03FF00173FB9 /* Debug */,
				9833D1B818AB03FF00173FB9 /* Release */,
			);
			defaultConfigurationIsVisible = 0;
		};
		9833D1B918AB03FF00173FB9 /* Build configuration list for PBXNativeTarget "macdevTests" */ = {
			isa = XCConfigurationList;
			buildConfigurations = (
				9833D1BA18AB03FF00173FB9 /* Debug */,
				9833D1BB18AB03FF00173FB9 /* Release */,
			);
			defaultConfigurationIsVisible = 0;
		};
/* End XCConfigurationList section */
	};
	rootObject = 9833D17C18AB03FE00173FB9 /* Project object */;
}
